
Microsoft Visual Studio Solution File, Format Version 12.00
# Visual Studio Version 17
VisualStudioVersion = 17.5.002.0
MinimumVisualStudioVersion = 10.0.40219.1
Project("{2150E333-8FDC-42A3-9474-1A3956D46DE8}") = "csharp-prep", "csharp-prep", "{20CF9700-3C20-4574-BB93-CEEE90966335}"
EndProject
Project("{9A19103F-16F7-4668-BE54-9A1E7A4F7556}") = "Prep1", "csharp-prep\Prep1\Prep1.csproj", "{4ABB1A35-B100-458A-9603-5B6885D8D5C2}"
EndProject
Project("{9A19103F-16F7-4668-BE54-9A1E7A4F7556}") = "Prep2", "csharp-prep\Prep2\Prep2.csproj", "{C6353681-309A-4884-823D-A5678A3CF9C3}"
EndProject
Project("{9A19103F-16F7-4668-BE54-9A1E7A4F7556}") = "Prep3", "csharp-prep\Prep3\Prep3.csproj", "{5966DAC9-411B-404C-AC7F-00E2F9383E86}"
EndProject
Project("{9A19103F-16F7-4668-BE54-9A1E7A4F7556}") = "Prep4", "csharp-prep\Prep4\Prep4.csproj", "{A2E30BED-0D07-4448-B253-8507DB2457BA}"
EndProject
Project("{9A19103F-16F7-4668-BE54-9A1E7A4F7556}") = "Prep5", "csharp-prep\Prep5\Prep5.csproj", "{CEB9D2EB-9D36-4C38-91E6-61522A749B88}"
EndProject
Project("{2150E333-8FDC-42A3-9474-1A3956D46DE8}") = "final", "final", "{39A3FA3C-B573-46B9-944D-5CC7E5A237FE}"
EndProject
Project("{9A19103F-16F7-4668-BE54-9A1E7A4F7556}") = "FinalProject", "final\FinalProject\FinalProject.csproj", "{1134681B-6F6D-46B3-9999-78746244F244}"
EndProject
Project("{9A19103F-16F7-4668-BE54-9A1E7A4F7556}") = "Foundation1", "final\Foundation1\Foundation1.csproj", "{D50968B2-D6CA-45DC-856A-3A785D240B22}"
EndProject
Project("{9A19103F-16F7-4668-BE54-9A1E7A4F7556}") = "Foundation2", "final\Foundation2\Foundation2.csproj", "{28048580-1556-494E-B5E0-448B8F4EF6A1}"
EndProject
Project("{9A19103F-16F7-4668-BE54-9A1E7A4F7556}") = "Foundation3", "final\Foundation3\Foundation3.csproj", "{0BE127B6-7741-4791-B48B-8E20FC22998E}"
EndProject
Project("{9A19103F-16F7-4668-BE54-9A1E7A4F7556}") = "Foundation4", "final\Foundation4\Foundation4.csproj", "{D8EA63BE-8A97-482A-90C1-C86CF7B0CDA5}"
EndProject
Project("{2150E333-8FDC-42A3-9474-1A3956D46DE8}") = "prepare", "prepare", "{0C53116F-38A5-4B2E-AB5E-625819FFF6BA}"
EndProject
Project("{9A19103F-16F7-4668-BE54-9A1E7A4F7556}") = "Learning02", "prepare\Learning02\Learning02.csproj", "{5FF33B64-8E2B-4D18-B4EB-376FE2D648BF}"
EndProject
Project("{9A19103F-16F7-4668-BE54-9A1E7A4F7556}") = "Learning03", "prepare\Learning03\Learning03.csproj", "{BE61070E-5FAB-4512-A0D1-39840C8BF831}"
EndProject
Project("{9A19103F-16F7-4668-BE54-9A1E7A4F7556}") = "Learning04", "prepare\Learning04\Learning04.csproj", "{3C21525B-1B56-4D24-B4BF-890938855E58}"
EndProject
Project("{9A19103F-16F7-4668-BE54-9A1E7A4F7556}") = "Learning05", "prepare\Learning05\Learning05.csproj", "{B31C3C61-C2C6-4E29-A904-D1A66C1DC46B}"
EndProject
Project("{2150E333-8FDC-42A3-9474-1A3956D46DE8}") = "prove", "prove", "{16A22298-9210-4014-84DB-E9292BD7CD5A}"
EndProject
Project("{9A19103F-16F7-4668-BE54-9A1E7A4F7556}") = "Develop02", "prove\Develop02\Develop02.csproj", "{1F17A2ED-B39B-4671-927C-2094FCFD17AD}"
EndProject
Project("{9A19103F-16F7-4668-BE54-9A1E7A4F7556}") = "Develop03", "prove\Develop03\Develop03.csproj", "{0C7D9891-E8AB-4990-AC1A-EE98CAEAB966}"
EndProject
Project("{9A19103F-16F7-4668-BE54-9A1E7A4F7556}") = "Develop04", "prove\Develop04\Develop04.csproj", "{0A768EA3-3BBF-4207-ACB1-1049434BB487}"
EndProject
Project("{9A19103F-16F7-4668-BE54-9A1E7A4F7556}") = "Develop05", "prove\Develop05\Develop05.csproj", "{7C560E93-7735-4966-AC46-027712125DF0}"
EndProject
Project("{2150E333-8FDC-42A3-9474-1A3956D46DE8}") = "sandbox", "sandbox", "{37E351E5-052E-48E1-94B1-77459E25801C}"
EndProject
Project("{9A19103F-16F7-4668-BE54-9A1E7A4F7556}") = "Sandbox", "sandbox\Sandbox\Sandbox.csproj", "{49C2699E-51D9-44B7-A54B-E09F25EC70FE}"
EndProject
Global
	GlobalSection(SolutionConfigurationPlatforms) = preSolution
		Debug|Any CPU = Debug|Any CPU
		Release|Any CPU = Release|Any CPU
	EndGlobalSection
	GlobalSection(ProjectConfigurationPlatforms) = postSolution
		{4ABB1A35-B100-458A-9603-5B6885D8D5C2}.Debug|Any CPU.ActiveCfg = Debug|Any CPU
		{4ABB1A35-B100-458A-9603-5B6885D8D5C2}.Debug|Any CPU.Build.0 = Debug|Any CPU
		{4ABB1A35-B100-458A-9603-5B6885D8D5C2}.Release|Any CPU.ActiveCfg = Release|Any CPU
		{4ABB1A35-B100-458A-9603-5B6885D8D5C2}.Release|Any CPU.Build.0 = Release|Any CPU
		{C6353681-309A-4884-823D-A5678A3CF9C3}.Debug|Any CPU.ActiveCfg = Debug|Any CPU
		{C6353681-309A-4884-823D-A5678A3CF9C3}.Debug|Any CPU.Build.0 = Debug|Any CPU
		{C6353681-309A-4884-823D-A5678A3CF9C3}.Release|Any CPU.ActiveCfg = Release|Any CPU
		{C6353681-309A-4884-823D-A5678A3CF9C3}.Release|Any CPU.Build.0 = Release|Any CPU
		{5966DAC9-411B-404C-AC7F-00E2F9383E86}.Debug|Any CPU.ActiveCfg = Debug|Any CPU
		{5966DAC9-411B-404C-AC7F-00E2F9383E86}.Debug|Any CPU.Build.0 = Debug|Any CPU
		{5966DAC9-411B-404C-AC7F-00E2F9383E86}.Release|Any CPU.ActiveCfg = Release|Any CPU
		{5966DAC9-411B-404C-AC7F-00E2F9383E86}.Release|Any CPU.Build.0 = Release|Any CPU
		{A2E30BED-0D07-4448-B253-8507DB2457BA}.Debug|Any CPU.ActiveCfg = Debug|Any CPU
		{A2E30BED-0D07-4448-B253-8507DB2457BA}.Debug|Any CPU.Build.0 = Debug|Any CPU
		{A2E30BED-0D07-4448-B253-8507DB2457BA}.Release|Any CPU.ActiveCfg = Release|Any CPU
		{A2E30BED-0D07-4448-B253-8507DB2457BA}.Release|Any CPU.Build.0 = Release|Any CPU
		{CEB9D2EB-9D36-4C38-91E6-61522A749B88}.Debug|Any CPU.ActiveCfg = Debug|Any CPU
		{CEB9D2EB-9D36-4C38-91E6-61522A749B88}.Debug|Any CPU.Build.0 = Debug|Any CPU
		{CEB9D2EB-9D36-4C38-91E6-61522A749B88}.Release|Any CPU.ActiveCfg = Release|Any CPU
		{CEB9D2EB-9D36-4C38-91E6-61522A749B88}.Release|Any CPU.Build.0 = Release|Any CPU
		{1134681B-6F6D-46B3-9999-78746244F244}.Debug|Any CPU.ActiveCfg = Debug|Any CPU
		{1134681B-6F6D-46B3-9999-78746244F244}.Debug|Any CPU.Build.0 = Debug|Any CPU
		{1134681B-6F6D-46B3-9999-78746244F244}.Release|Any CPU.ActiveCfg = Release|Any CPU
		{1134681B-6F6D-46B3-9999-78746244F244}.Release|Any CPU.Build.0 = Release|Any CPU
		{D50968B2-D6CA-45DC-856A-3A785D240B22}.Debug|Any CPU.ActiveCfg = Debug|Any CPU
		{D50968B2-D6CA-45DC-856A-3A785D240B22}.Debug|Any CPU.Build.0 = Debug|Any CPU
		{D50968B2-D6CA-45DC-856A-3A785D240B22}.Release|Any CPU.ActiveCfg = Release|Any CPU
		{D50968B2-D6CA-45DC-856A-3A785D240B22}.Release|Any CPU.Build.0 = Release|Any CPU
		{28048580-1556-494E-B5E0-448B8F4EF6A1}.Debug|Any CPU.ActiveCfg = Debug|Any CPU
		{28048580-1556-494E-B5E0-448B8F4EF6A1}.Debug|Any CPU.Build.0 = Debug|Any CPU
		{28048580-1556-494E-B5E0-448B8F4EF6A1}.Release|Any CPU.ActiveCfg = Release|Any CPU
		{28048580-1556-494E-B5E0-448B8F4EF6A1}.Release|Any CPU.Build.0 = Release|Any CPU
		{0BE127B6-7741-4791-B48B-8E20FC22998E}.Debug|Any CPU.ActiveCfg = Debug|Any CPU
		{0BE127B6-7741-4791-B48B-8E20FC22998E}.Debug|Any CPU.Build.0 = Debug|Any CPU
		{0BE127B6-7741-4791-B48B-8E20FC22998E}.Release|Any CPU.ActiveCfg = Release|Any CPU
		{0BE127B6-7741-4791-B48B-8E20FC22998E}.Release|Any CPU.Build.0 = Release|Any CPU
		{D8EA63BE-8A97-482A-90C1-C86CF7B0CDA5}.Debug|Any CPU.ActiveCfg = Debug|Any CPU
		{D8EA63BE-8A97-482A-90C1-C86CF7B0CDA5}.Debug|Any CPU.Build.0 = Debug|Any CPU
		{D8EA63BE-8A97-482A-90C1-C86CF7B0CDA5}.Release|Any CPU.ActiveCfg = Release|Any CPU
		{D8EA63BE-8A97-482A-90C1-C86CF7B0CDA5}.Release|Any CPU.Build.0 = Release|Any CPU
		{5FF33B64-8E2B-4D18-B4EB-376FE2D648BF}.Debug|Any CPU.ActiveCfg = Debug|Any CPU
		{5FF33B64-8E2B-4D18-B4EB-376FE2D648BF}.Debug|Any CPU.Build.0 = Debug|Any CPU
		{5FF33B64-8E2B-4D18-B4EB-376FE2D648BF}.Release|Any CPU.ActiveCfg = Release|Any CPU
		{5FF33B64-8E2B-4D18-B4EB-376FE2D648BF}.Release|Any CPU.Build.0 = Release|Any CPU
		{BE61070E-5FAB-4512-A0D1-39840C8BF831}.Debug|Any CPU.ActiveCfg = Debug|Any CPU
		{BE61070E-5FAB-4512-A0D1-39840C8BF831}.Debug|Any CPU.Build.0 = Debug|Any CPU
		{BE61070E-5FAB-4512-A0D1-39840C8BF831}.Release|Any CPU.ActiveCfg = Release|Any CPU
		{BE61070E-5FAB-4512-A0D1-39840C8BF831}.Release|Any CPU.Build.0 = Release|Any CPU
		{3C21525B-1B56-4D24-B4BF-890938855E58}.Debug|Any CPU.ActiveCfg = Debug|Any CPU
		{3C21525B-1B56-4D24-B4BF-890938855E58}.Debug|Any CPU.Build.0 = Debug|Any CPU
		{3C21525B-1B56-4D24-B4BF-890938855E58}.Release|Any CPU.ActiveCfg = Release|Any CPU
		{3C21525B-1B56-4D24-B4BF-890938855E58}.Release|Any CPU.Build.0 = Release|Any CPU
		{B31C3C61-C2C6-4E29-A904-D1A66C1DC46B}.Debug|Any CPU.ActiveCfg = Debug|Any CPU
		{B31C3C61-C2C6-4E29-A904-D1A66C1DC46B}.Debug|Any CPU.Build.0 = Debug|Any CPU
		{B31C3C61-C2C6-4E29-A904-D1A66C1DC46B}.Release|Any CPU.ActiveCfg = Release|Any CPU
		{B31C3C61-C2C6-4E29-A904-D1A66C1DC46B}.Release|Any CPU.Build.0 = Release|Any CPU
		{1F17A2ED-B39B-4671-927C-2094FCFD17AD}.Debug|Any CPU.ActiveCfg = Debug|Any CPU
		{1F17A2ED-B39B-4671-927C-2094FCFD17AD}.Debug|Any CPU.Build.0 = Debug|Any CPU
		{1F17A2ED-B39B-4671-927C-2094FCFD17AD}.Release|Any CPU.ActiveCfg = Release|Any CPU
		{1F17A2ED-B39B-4671-927C-2094FCFD17AD}.Release|Any CPU.Build.0 = Release|Any CPU
		{0C7D9891-E8AB-4990-AC1A-EE98CAEAB966}.Debug|Any CPU.ActiveCfg = Debug|Any CPU
		{0C7D9891-E8AB-4990-AC1A-EE98CAEAB966}.Debug|Any CPU.Build.0 = Debug|Any CPU
		{0C7D9891-E8AB-4990-AC1A-EE98CAEAB966}.Release|Any CPU.ActiveCfg = Release|Any CPU
		{0C7D9891-E8AB-4990-AC1A-EE98CAEAB966}.Release|Any CPU.Build.0 = Release|Any CPU
		{0A768EA3-3BBF-4207-ACB1-1049434BB487}.Debug|Any CPU.ActiveCfg = Debug|Any CPU
		{0A768EA3-3BBF-4207-ACB1-1049434BB487}.Debug|Any CPU.Build.0 = Debug|Any CPU
		{0A768EA3-3BBF-4207-ACB1-1049434BB487}.Release|Any CPU.ActiveCfg = Release|Any CPU
		{0A768EA3-3BBF-4207-ACB1-1049434BB487}.Release|Any CPU.Build.0 = Release|Any CPU
		{7C560E93-7735-4966-AC46-027712125DF0}.Debug|Any CPU.ActiveCfg = Debug|Any CPU
		{7C560E93-7735-4966-AC46-027712125DF0}.Debug|Any CPU.Build.0 = Debug|Any CPU
		{7C560E93-7735-4966-AC46-027712125DF0}.Release|Any CPU.ActiveCfg = Release|Any CPU
		{7C560E93-7735-4966-AC46-027712125DF0}.Release|Any CPU.Build.0 = Release|Any CPU
		{49C2699E-51D9-44B7-A54B-E09F25EC70FE}.Debug|Any CPU.ActiveCfg = Debug|Any CPU
		{49C2699E-51D9-44B7-A54B-E09F25EC70FE}.Debug|Any CPU.Build.0 = Debug|Any CPU
		{49C2699E-51D9-44B7-A54B-E09F25EC70FE}.Release|Any CPU.ActiveCfg = Release|Any CPU
		{49C2699E-51D9-44B7-A54B-E09F25EC70FE}.Release|Any CPU.Build.0 = Release|Any CPU
	EndGlobalSection
	GlobalSection(SolutionProperties) = preSolution
		HideSolutionNode = FALSE
	EndGlobalSection
	GlobalSection(NestedProjects) = preSolution
		{4ABB1A35-B100-458A-9603-5B6885D8D5C2} = {20CF9700-3C20-4574-BB93-CEEE90966335}
		{C6353681-309A-4884-823D-A5678A3CF9C3} = {20CF9700-3C20-4574-BB93-CEEE90966335}
		{5966DAC9-411B-404C-AC7F-00E2F9383E86} = {20CF9700-3C20-4574-BB93-CEEE90966335}
		{A2E30BED-0D07-4448-B253-8507DB2457BA} = {20CF9700-3C20-4574-BB93-CEEE90966335}
		{CEB9D2EB-9D36-4C38-91E6-61522A749B88} = {20CF9700-3C20-4574-BB93-CEEE90966335}
		{1134681B-6F6D-46B3-9999-78746244F244} = {39A3FA3C-B573-46B9-944D-5CC7E5A237FE}
		{D50968B2-D6CA-45DC-856A-3A785D240B22} = {39A3FA3C-B573-46B9-944D-5CC7E5A237FE}
		{28048580-1556-494E-B5E0-448B8F4EF6A1} = {39A3FA3C-B573-46B9-944D-5CC7E5A237FE}
		{0BE127B6-7741-4791-B48B-8E20FC22998E} = {39A3FA3C-B573-46B9-944D-5CC7E5A237FE}
		{D8EA63BE-8A97-482A-90C1-C86CF7B0CDA5} = {39A3FA3C-B573-46B9-944D-5CC7E5A237FE}
		{5FF33B64-8E2B-4D18-B4EB-376FE2D648BF} = {0C53116F-38A5-4B2E-AB5E-625819FFF6BA}
		{BE61070E-5FAB-4512-A0D1-39840C8BF831} = {0C53116F-38A5-4B2E-AB5E-625819FFF6BA}
		{3C21525B-1B56-4D24-B4BF-890938855E58} = {0C53116F-38A5-4B2E-AB5E-625819FFF6BA}
		{B31C3C61-C2C6-4E29-A904-D1A66C1DC46B} = {0C53116F-38A5-4B2E-AB5E-625819FFF6BA}
		{1F17A2ED-B39B-4671-927C-2094FCFD17AD} = {16A22298-9210-4014-84DB-E9292BD7CD5A}
		{0C7D9891-E8AB-4990-AC1A-EE98CAEAB966} = {16A22298-9210-4014-84DB-E9292BD7CD5A}
		{0A768EA3-3BBF-4207-ACB1-1049434BB487} = {16A22298-9210-4014-84DB-E9292BD7CD5A}
		{7C560E93-7735-4966-AC46-027712125DF0} = {16A22298-9210-4014-84DB-E9292BD7CD5A}
		{49C2699E-51D9-44B7-A54B-E09F25EC70FE} = {37E351E5-052E-48E1-94B1-77459E25801C}
	EndGlobalSection
	GlobalSection(ExtensibilityGlobals) = postSolution
		SolutionGuid = {259B25E7-AEF8-4EBD-8237-B6EB6F5FA7BD}
	EndGlobalSection
EndGlobal
